// !$*UTF8*$!
{
	archiveVersion = 1;
	classes = {
	};
	objectVersion = 46;
	objects = {

/* Begin PBXBuildFile section */
		77B29EBE1DB5C15A00914AF0 /* AppDelegate.swift in Sources */ = {isa = PBXBuildFile; fileRef = 77B29EBD1DB5C15A00914AF0 /* AppDelegate.swift */; };
		77B29EC01DB5C15A00914AF0 /* ViewController.swift in Sources */ = {isa = PBXBuildFile; fileRef = 77B29EBF1DB5C15A00914AF0 /* ViewController.swift */; };
		77B29EC31DB5C15A00914AF0 /* Main.storyboard in Resources */ = {isa = PBXBuildFile; fileRef = 77B29EC11DB5C15A00914AF0 /* Main.storyboard */; };
		77B29EC51DB5C15A00914AF0 /* Assets.xcassets in Resources */ = {isa = PBXBuildFile; fileRef = 77B29EC41DB5C15A00914AF0 /* Assets.xcassets */; };
		77B29EC81DB5C15A00914AF0 /* LaunchScreen.storyboard in Resources */ = {isa = PBXBuildFile; fileRef = 77B29EC61DB5C15A00914AF0 /* LaunchScreen.storyboard */; };
		77B29ED31DB5C15A00914AF0 /* Tip_Calculator_by_AlexSTests.swift in Sources */ = {isa = PBXBuildFile; fileRef = 77B29ED21DB5C15A00914AF0 /* Tip_Calculator_by_AlexSTests.swift */; };
		77B29EDE1DB5C15A00914AF0 /* Tip_Calculator_by_AlexSUITests.swift in Sources */ = {isa = PBXBuildFile; fileRef = 77B29EDD1DB5C15A00914AF0 /* Tip_Calculator_by_AlexSUITests.swift */; };
/* End PBXBuildFile section */

/* Begin PBXContainerItemProxy section */
		77B29ECF1DB5C15A00914AF0 /* PBXContainerItemProxy */ = {
			isa = PBXContainerItemProxy;
			containerPortal = 77B29EB21DB5C15A00914AF0 /* Project object */;
			proxyType = 1;
			remoteGlobalIDString = 77B29EB91DB5C15A00914AF0;
			remoteInfo = "Tip Calculator by AlexS";
		};
		77B29EDA1DB5C15A00914AF0 /* PBXContainerItemProxy */ = {
			isa = PBXContainerItemProxy;
			containerPortal = 77B29EB21DB5C15A00914AF0 /* Project object */;
			proxyType = 1;
			remoteGlobalIDString = 77B29EB91DB5C15A00914AF0;
			remoteInfo = "Tip Calculator by AlexS";
		};
/* End PBXContainerItemProxy section */

/* Begin PBXFileReference section */
		77B29EBA1DB5C15A00914AF0 /* Tip Calculator by AlexS.app */ = {isa = PBXFileReference; explicitFileType = wrapper.application; includeInIndex = 0; path = "Tip Calculator by AlexS.app"; sourceTree = BUILT_PRODUCTS_DIR; };
		77B29EBD1DB5C15A00914AF0 /* AppDelegate.swift */ = {isa = PBXFileReference; lastKnownFileType = sourcecode.swift; path = AppDelegate.swift; sourceTree = "<group>"; };
		77B29EBF1DB5C15A00914AF0 /* ViewController.swift */ = {isa = PBXFileReference; lastKnownFileType = sourcecode.swift; path = ViewController.swift; sourceTree = "<group>"; };
		77B29EC21DB5C15A00914AF0 /* Base */ = {isa = PBXFileReference; lastKnownFileType = file.storyboard; name = Base; path = Base.lproj/Main.storyboard; sourceTree = "<group>"; };
		77B29EC41DB5C15A00914AF0 /* Assets.xcassets */ = {isa = PBXFileReference; lastKnownFileType = folder.assetcatalog; path = Assets.xcassets; sourceTree = "<group>"; };
		77B29EC71DB5C15A00914AF0 /* Base */ = {isa = PBXFileReference; lastKnownFileType = file.storyboard; name = Base; path = Base.lproj/LaunchScreen.storyboard; sourceTree = "<group>"; };
		77B29EC91DB5C15A00914AF0 /* Info.plist */ = {isa = PBXFileReference; lastKnownFileType = text.plist.xml; path = Info.plist; sourceTree = "<group>"; };
		77B29ECE1DB5C15A00914AF0 /* Tip Calculator by AlexSTests.xctest */ = {isa = PBXFileReference; explicitFileType = wrapper.cfbundle; includeInIndex = 0; path = "Tip Calculator by AlexSTests.xctest"; sourceTree = BUILT_PRODUCTS_DIR; };
		77B29ED21DB5C15A00914AF0 /* Tip_Calculator_by_AlexSTests.swift */ = {isa = PBXFileReference; lastKnownFileType = sourcecode.swift; path = Tip_Calculator_by_AlexSTests.swift; sourceTree = "<group>"; };
		77B29ED41DB5C15A00914AF0 /* Info.plist */ = {isa = PBXFileReference; lastKnownFileType = text.plist.xml; path = Info.plist; sourceTree = "<group>"; };
		77B29ED91DB5C15A00914AF0 /* Tip Calculator by AlexSUITests.xctest */ = {isa = PBXFileReference; explicitFileType = wrapper.cfbundle; includeInIndex = 0; path = "Tip Calculator by AlexSUITests.xctest"; sourceTree = BUILT_PRODUCTS_DIR; };
		77B29EDD1DB5C15A00914AF0 /* Tip_Calculator_by_AlexSUITests.swift */ = {isa = PBXFileReference; lastKnownFileType = sourcecode.swift; path = Tip_Calculator_by_AlexSUITests.swift; sourceTree = "<group>"; };
		77B29EDF1DB5C15A00914AF0 /* Info.plist */ = {isa = PBXFileReference; lastKnownFileType = text.plist.xml; path = Info.plist; sourceTree = "<group>"; };
/* End PBXFileReference section */

/* Begin PBXFrameworksBuildPhase section */
		77B29EB71DB5C15A00914AF0 /* Frameworks */ = {
			isa = PBXFrameworksBuildPhase;
			buildActionMask = 2147483647;
			files = (
			);
			runOnlyForDeploymentPostprocessing = 0;
		};
		77B29ECB1DB5C15A00914AF0 /* Frameworks */ = {
			isa = PBXFrameworksBuildPhase;
			buildActionMask = 2147483647;
			files = (
			);
			runOnlyForDeploymentPostprocessing = 0;
		};
		77B29ED61DB5C15A00914AF0 /* Frameworks */ = {
			isa = PBXFrameworksBuildPhase;
			buildActionMask = 2147483647;
			files = (
			);
			runOnlyForDeploymentPostprocessing = 0;
		};
/* End PBXFrameworksBuildPhase section */

/* Begin PBXGroup section */
		77B29EB11DB5C15A00914AF0 = {
			isa = PBXGroup;
			children = (
				77B29EBC1DB5C15A00914AF0 /* Tip Calculator by AlexS */,
				77B29ED11DB5C15A00914AF0 /* Tip Calculator by AlexSTests */,
				77B29EDC1DB5C15A00914AF0 /* Tip Calculator by AlexSUITests */,
				77B29EBB1DB5C15A00914AF0 /* Products */,
			);
			sourceTree = "<group>";
		};
		77B29EBB1DB5C15A00914AF0 /* Products */ = {
			isa = PBXGroup;
			children = (
				77B29EBA1DB5C15A00914AF0 /* Tip Calculator by AlexS.app */,
				77B29ECE1DB5C15A00914AF0 /* Tip Calculator by AlexSTests.xctest */,
				77B29ED91DB5C15A00914AF0 /* Tip Calculator by AlexSUITests.xctest */,
			);
			name = Products;
			sourceTree = "<group>";
		};
		77B29EBC1DB5C15A00914AF0 /* Tip Calculator by AlexS */ = {
			isa = PBXGroup;
			children = (
				77B29EBD1DB5C15A00914AF0 /* AppDelegate.swift */,
				77B29EBF1DB5C15A00914AF0 /* ViewController.swift */,
				77B29EC11DB5C15A00914AF0 /* Main.storyboard */,
				77B29EC41DB5C15A00914AF0 /* Assets.xcassets */,
				77B29EC61DB5C15A00914AF0 /* LaunchScreen.storyboard */,
				77B29EC91DB5C15A00914AF0 /* Info.plist */,
			);
			path = "Tip Calculator by AlexS";
			sourceTree = "<group>";
		};
		77B29ED11DB5C15A00914AF0 /* Tip Calculator by AlexSTests */ = {
			isa = PBXGroup;
			children = (
				77B29ED21DB5C15A00914AF0 /* Tip_Calculator_by_AlexSTests.swift */,
				77B29ED41DB5C15A00914AF0 /* Info.plist */,
			);
			path = "Tip Calculator by AlexSTests";
			sourceTree = "<group>";
		};
		77B29EDC1DB5C15A00914AF0 /* Tip Calculator by AlexSUITests */ = {
			isa = PBXGroup;
			children = (
				77B29EDD1DB5C15A00914AF0 /* Tip_Calculator_by_AlexSUITests.swift */,
				77B29EDF1DB5C15A00914AF0 /* Info.plist */,
			);
			path = "Tip Calculator by AlexSUITests";
			sourceTree = "<group>";
		};
/* End PBXGroup section */

/* Begin PBXNativeTarget section */
		77B29EB91DB5C15A00914AF0 /* Tip Calculator by AlexS */ = {
			isa = PBXNativeTarget;
			buildConfigurationList = 77B29EE21DB5C15A00914AF0 /* Build configuration list for PBXNativeTarget "Tip Calculator by AlexS" */;
			buildPhases = (
				77B29EB61DB5C15A00914AF0 /* Sources */,
				77B29EB71DB5C15A00914AF0 /* Frameworks */,
				77B29EB81DB5C15A00914AF0 /* Resources */,
			);
			buildRules = (
			);
			dependencies = (
			);
			name = "Tip Calculator by AlexS";
			productName = "Tip Calculator by AlexS";
			productReference = 77B29EBA1DB5C15A00914AF0 /* Tip Calculator by AlexS.app */;
			productType = "com.apple.product-type.application";
		};
		77B29ECD1DB5C15A00914AF0 /* Tip Calculator by AlexSTests */ = {
			isa = PBXNativeTarget;
			buildConfigurationList = 77B29EE51DB5C15A00914AF0 /* Build configuration list for PBXNativeTarget "Tip Calculator by AlexSTests" */;
			buildPhases = (
				77B29ECA1DB5C15A00914AF0 /* Sources */,
				77B29ECB1DB5C15A00914AF0 /* Frameworks */,
				77B29ECC1DB5C15A00914AF0 /* Resources */,
			);
			buildRules = (
			);
			dependencies = (
				77B29ED01DB5C15A00914AF0 /* PBXTargetDependency */,
			);
			name = "Tip Calculator by AlexSTests";
			productName = "Tip Calculator by AlexSTests";
			productReference = 77B29ECE1DB5C15A00914AF0 /* Tip Calculator by AlexSTests.xctest */;
			productType = "com.apple.product-type.bundle.unit-test";
		};
		77B29ED81DB5C15A00914AF0 /* Tip Calculator by AlexSUITests */ = {
			isa = PBXNativeTarget;
			buildConfigurationList = 77B29EE81DB5C15A00914AF0 /* Build configuration list for PBXNativeTarget "Tip Calculator by AlexSUITests" */;
			buildPhases = (
				77B29ED51DB5C15A00914AF0 /* Sources */,
				77B29ED61DB5C15A00914AF0 /* Frameworks */,
				77B29ED71DB5C15A00914AF0 /* Resources */,
			);
			buildRules = (
			);
			dependencies = (
				77B29EDB1DB5C15A00914AF0 /* PBXTargetDependency */,
			);
			name = "Tip Calculator by AlexSUITests";
			productName = "Tip Calculator by AlexSUITests";
			productReference = 77B29ED91DB5C15A00914AF0 /* Tip Calculator by AlexSUITests.xctest */;
			productType = "com.apple.product-type.bundle.ui-testing";
		};
/* End PBXNativeTarget section */

/* Begin PBXProject section */
		77B29EB21DB5C15A00914AF0 /* Project object */ = {
			isa = PBXProject;
			attributes = {
				LastSwiftUpdateCheck = 0730;
				LastUpgradeCheck = 0730;
				ORGANIZATIONNAME = "Alex Stepakov";
				TargetAttributes = {
					77B29EB91DB5C15A00914AF0 = {
						CreatedOnToolsVersion = 7.3.1;
					};
					77B29ECD1DB5C15A00914AF0 = {
						CreatedOnToolsVersion = 7.3.1;
						TestTargetID = 77B29EB91DB5C15A00914AF0;
					};
					77B29ED81DB5C15A00914AF0 = {
						CreatedOnToolsVersion = 7.3.1;
						TestTargetID = 77B29EB91DB5C15A00914AF0;
					};
				};
			};
			buildConfigurationList = 77B29EB51DB5C15A00914AF0 /* Build configuration list for PBXProject "Tip Calculator by AlexS" */;
			compatibilityVersion = "Xcode 3.2";
			developmentRegion = English;
			hasScannedForEncodings = 0;
			knownRegions = (
				en,
				Base,
			);
			mainGroup = 77B29EB11DB5C15A00914AF0;
			productRefGroup = 77B29EBB1DB5C15A00914AF0 /* Products */;
			projectDirPath = "";
			projectRoot = "";
			targets = (
				77B29EB91DB5C15A00914AF0 /* Tip Calculator by AlexS */,
				77B29ECD1DB5C15A00914AF0 /* Tip Calculator by AlexSTests */,
				77B29ED81DB5C15A00914AF0 /* Tip Calculator by AlexSUITests */,
			);
		};
/* End PBXProject section */

/* Begin PBXResourcesBuildPhase section */
		77B29EB81DB5C15A00914AF0 /* Resources */ = {
			isa = PBXResourcesBuildPhase;
			buildActionMask = 2147483647;
			files = (
				77B29EC81DB5C15A00914AF0 /* LaunchScreen.storyboard in Resources */,
				77B29EC51DB5C15A00914AF0 /* Assets.xcassets in Resources */,
				77B29EC31DB5C15A00914AF0 /* Main.storyboard in Resources */,
			);
			runOnlyForDeploymentPostprocessing = 0;
		};
		77B29ECC1DB5C15A00914AF0 /* Resources */ = {
			isa = PBXResourcesBuildPhase;
			buildActionMask = 2147483647;
			files = (
			);
			runOnlyForDeploymentPostprocessing = 0;
		};
		77B29ED71DB5C15A00914AF0 /* Resources */ = {
			isa = PBXResourcesBuildPhase;
			buildActionMask = 2147483647;
			files = (
			);
			runOnlyForDeploymentPostprocessing = 0;
		};
/* End PBXResourcesBuildPhase section */

/* Begin PBXSourcesBuildPhase section */
		77B29EB61DB5C15A00914AF0 /* Sources */ = {
			isa = PBXSourcesBuildPhase;
			buildActionMask = 2147483647;
			files = (
				77B29EC01DB5C15A00914AF0 /* ViewController.swift in Sources */,
				77B29EBE1DB5C15A00914AF0 /* AppDelegate.swift in Sources */,
			);
			runOnlyForDeploymentPostprocessing = 0;
		};
		77B29ECA1DB5C15A00914AF0 /* Sources */ = {
			isa = PBXSourcesBuildPhase;
			buildActionMask = 2147483647;
			files = (
				77B29ED31DB5C15A00914AF0 /* Tip_Calculator_by_AlexSTests.swift in Sources */,
			);
			runOnlyForDeploymentPostprocessing = 0;
		};
		77B29ED51DB5C15A00914AF0 /* Sources */ = {
			isa = PBXSourcesBuildPhase;
			buildActionMask = 2147483647;
			files = (
				77B29EDE1DB5C15A00914AF0 /* Tip_Calculator_by_AlexSUITests.swift in Sources */,
			);
			runOnlyForDeploymentPostprocessing = 0;
		};
/* End PBXSourcesBuildPhase section */

/* Begin PBXTargetDependency section */
		77B29ED01DB5C15A00914AF0 /* PBXTargetDependency */ = {
			isa = PBXTargetDependency;
			target = 77B29EB91DB5C15A00914AF0 /* Tip Calculator by AlexS */;
			targetProxy = 77B29ECF1DB5C15A00914AF0 /* PBXContainerItemProxy */;
		};
		77B29EDB1DB5C15A00914AF0 /* PBXTargetDependency */ = {
			isa = PBXTargetDependency;
			target = 77B29EB91DB5C15A00914AF0 /* Tip Calculator by AlexS */;
			targetProxy = 77B29EDA1DB5C15A00914AF0 /* PBXContainerItemProxy */;
		};
/* End PBXTargetDependency section */

/* Begin PBXVariantGroup section */
		77B29EC11DB5C15A00914AF0 /* Main.storyboard */ = {
			isa = PBXVariantGroup;
			children = (
				77B29EC21DB5C15A00914AF0 /* Base */,
			);
			name = Main.storyboard;
			sourceTree = "<group>";
		};
		77B29EC61DB5C15A00914AF0 /* LaunchScreen.storyboard */ = {
			isa = PBXVariantGroup;
			children = (
				77B29EC71DB5C15A00914AF0 /* Base */,
			);
			name = LaunchScreen.storyboard;
			sourceTree = "<group>";
		};
/* End PBXVariantGroup section */

/* Begin XCBuildConfiguration section */
		77B29EE01DB5C15A00914AF0 /* Debug */ = {
			isa = XCBuildConfiguration;
			buildSettings = {
				ALWAYS_SEARCH_USER_PATHS = NO;
				CLANG_ANALYZER_NONNULL = YES;
				CLANG_CXX_LANGUAGE_STANDARD = "gnu++0x";
				CLANG_CXX_LIBRARY = "libc++";
				CLANG_ENABLE_MODULES = YES;
				CLANG_ENABLE_OBJC_ARC = YES;
				CLANG_WARN_BOOL_CONVERSION = YES;
				CLANG_WARN_CONSTANT_CONVERSION = YES;
				CLANG_WARN_DIRECT_OBJC_ISA_USAGE = YES_ERROR;
				CLANG_WARN_EMPTY_BODY = YES;
				CLANG_WARN_ENUM_CONVERSION = YES;
				CLANG_WARN_INT_CONVERSION = YES;
				CLANG_WARN_OBJC_ROOT_CLASS = YES_ERROR;
				CLANG_WARN_UNREACHABLE_CODE = YES;
				CLANG_WARN__DUPLICATE_METHOD_MATCH = YES;
				"CODE_SIGN_IDENTITY[sdk=iphoneos*]" = "iPhone Developer";
				COPY_PHASE_STRIP = NO;
				DEBUG_INFORMATION_FORMAT = dwarf;
				ENABLE_STRICT_OBJC_MSGSEND = YES;
				ENABLE_TESTABILITY = YES;
				GCC_C_LANGUAGE_STANDARD = gnu99;
				GCC_DYNAMIC_NO_PIC = NO;
				GCC_NO_COMMON_BLOCKS = YES;
				GCC_OPTIMIZATION_LEVEL = 0;
				GCC_PREPROCESSOR_DEFINITIONS = (
					"DEBUG=1",
					"$(inherited)",
				);
				GCC_WARN_64_TO_32_BIT_CONVERSION = YES;
				GCC_WARN_ABOUT_RETURN_TYPE = YES_ERROR;
				GCC_WARN_UNDECLARED_SELECTOR = YES;
				GCC_WARN_UNINITIALIZED_AUTOS = YES_AGGRESSIVE;
				GCC_WARN_UNUSED_FUNCTION = YES;
				GCC_WARN_UNUSED_VARIABLE = YES;
				IPHONEOS_DEPLOYMENT_TARGET = 9.3;
				MTL_ENABLE_DEBUG_INFO = YES;
				ONLY_ACTIVE_ARCH = YES;
				SDKROOT = iphoneos;
				SWIFT_OPTIMIZATION_LEVEL = "-Onone";
				TARGETED_DEVICE_FAMILY = "1,2";
			};
			name = Debug;
		};
		77B29EE11DB5C15A00914AF0 /* Release */ = {
			isa = XCBuildConfiguration;
			buildSettings = {
				ALWAYS_SEARCH_USER_PATHS = NO;
				CLANG_ANALYZER_NONNULL = YES;
				CLANG_CXX_LANGUAGE_STANDARD = "gnu++0x";
				CLANG_CXX_LIBRARY = "libc++";
				CLANG_ENABLE_MODULES = YES;
				CLANG_ENABLE_OBJC_ARC = YES;
				CLANG_WARN_BOOL_CONVERSION = YES;
				CLANG_WARN_CONSTANT_CONVERSION = YES;
				CLANG_WARN_DIRECT_OBJC_ISA_USAGE = YES_ERROR;
				CLANG_WARN_EMPTY_BODY = YES;
				CLANG_WARN_ENUM_CONVERSION = YES;
				CLANG_WARN_INT_CONVERSION = YES;
				CLANG_WARN_OBJC_ROOT_CLASS = YES_ERROR;
				CLANG_WARN_UNREACHABLE_CODE = YES;
				CLANG_WARN__DUPLICATE_METHOD_MATCH = YES;
				"CODE_SIGN_IDENTITY[sdk=iphoneos*]" = "iPhone Developer";
				COPY_PHASE_STRIP = NO;
				DEBUG_INFORMATION_FORMAT = "dwarf-with-dsym";
				ENABLE_NS_ASSERTIONS = NO;
				ENABLE_STRICT_OBJC_MSGSEND = YES;
				GCC_C_LANGUAGE_STANDARD = gnu99;
				GCC_NO_COMMON_BLOCKS = YES;
				GCC_WARN_64_TO_32_BIT_CONVERSION = YES;
				GCC_WARN_ABOUT_RETURN_TYPE = YES_ERROR;
				GCC_WARN_UNDECLARED_SELECTOR = YES;
				GCC_WARN_UNINITIALIZED_AUTOS = YES_AGGRESSIVE;
				GCC_WARN_UNUSED_FUNCTION = YES;
				GCC_WARN_UNUSED_VARIABLE = YES;
				IPHONEOS_DEPLOYMENT_TARGET = 9.3;
				MTL_ENABLE_DEBUG_INFO = NO;
				SDKROOT = iphoneos;
				TARGETED_DEVICE_FAMILY = "1,2";
				VALIDATE_PRODUCT = YES;
			};
			name = Release;
		};
		77B29EE31DB5C15A00914AF0 /* Debug */ = {
			isa = XCBuildConfiguration;
			buildSettings = {
				ASSETCATALOG_COMPILER_APPICON_NAME = AppIcon;
				INFOPLIST_FILE = "Tip Calculator by AlexS/Info.plist";
				LD_RUNPATH_SEARCH_PATHS = "$(inherited) @executable_path/Frameworks";
				PRODUCT_BUNDLE_IDENTIFIER = "n-a.Tip-Calculator-by-AlexS";
				PRODUCT_NAME = "$(TARGET_NAME)";
			};
			name = Debug;
		};
		77B29EE41DB5C15A00914AF0 /* Release */ = {
			isa = XCBuildConfiguration;
			buildSettings = {
				ASSETCATALOG_COMPILER_APPICON_NAME = AppIcon;
				INFOPLIST_FILE = "Tip Calculator by AlexS/Info.plist";
				LD_RUNPATH_SEARCH_PATHS = "$(inherited) @executable_path/Frameworks";
				PRODUCT_BUNDLE_IDENTIFIER = "n-a.Tip-Calculator-by-AlexS";
				PRODUCT_NAME = "$(TARGET_NAME)";
			};
			name = Release;
		};
		77B29EE61DB5C15A00914AF0 /* Debug */ = {
			isa = XCBuildConfiguration;
			buildSettings = {
				BUNDLE_LOADER = "$(TEST_HOST)";
				INFOPLIST_FILE = "Tip Calculator by AlexSTests/Info.plist";
				LD_RUNPATH_SEARCH_PATHS = "$(inherited) @executable_path/Frameworks @loader_path/Frameworks";
				PRODUCT_BUNDLE_IDENTIFIER = "n-a.Tip-Calculator-by-AlexSTests";
				PRODUCT_NAME = "$(TARGET_NAME)";
				TEST_HOST = "$(BUILT_PRODUCTS_DIR)/Tip Calculator by AlexS.app/Tip Calculator by AlexS";
			};
			name = Debug;
		};
		77B29EE71DB5C15A00914AF0 /* Release */ = {
			isa = XCBuildConfiguration;
			buildSettings = {
				BUNDLE_LOADER = "$(TEST_HOST)";
				INFOPLIST_FILE = "Tip Calculator by AlexSTests/Info.plist";
				LD_RUNPATH_SEARCH_PATHS = "$(inherited) @executable_path/Frameworks @loader_path/Frameworks";
				PRODUCT_BUNDLE_IDENTIFIER = "n-a.Tip-Calculator-by-AlexSTests";
				PRODUCT_NAME = "$(TARGET_NAME)";
				TEST_HOST = "$(BUILT_PRODUCTS_DIR)/Tip Calculator by AlexS.app/Tip Calculator by AlexS";
			};
			name = Release;
		};
		77B29EE91DB5C15A00914AF0 /* Debug */ = {
			isa = XCBuildConfiguration;
			buildSettings = {
				INFOPLIST_FILE = "Tip Calculator by AlexSUITests/Info.plist";
				LD_RUNPATH_SEARCH_PATHS = "$(inherited) @executable_path/Frameworks @loader_path/Frameworks";
				PRODUCT_BUNDLE_IDENTIFIER = "n-a.Tip-Calculator-by-AlexSUITests";
				PRODUCT_NAME = "$(TARGET_NAME)";
				TEST_TARGET_NAME = "Tip Calculator by AlexS";
			};
			name = Debug;
		};
		77B29EEA1DB5C15A00914AF0 /* Release */ = {
			isa = XCBuildConfiguration;
			buildSettings = {
				INFOPLIST_FILE = "Tip Calculator by AlexSUITests/Info.plist";
				LD_RUNPATH_SEARCH_PATHS = "$(inherited) @executable_path/Frameworks @loader_path/Frameworks";
				PRODUCT_BUNDLE_IDENTIFIER = "n-a.Tip-Calculator-by-AlexSUITests";
				PRODUCT_NAME = "$(TARGET_NAME)";
				TEST_TARGET_NAME = "Tip Calculator by AlexS";
			};
			name = Release;
		};
/* End XCBuildConfiguration section */

/* Begin XCConfigurationList section */
		77B29EB51DB5C15A00914AF0 /* Build configuration list for PBXProject "Tip Calculator by AlexS" */ = {
			isa = XCConfigurationList;
			buildConfigurations = (
				77B29EE01DB5C15A00914AF0 /* Debug */,
				77B29EE11DB5C15A00914AF0 /* Release */,
			);
			defaultConfigurationIsVisible = 0;
			defaultConfigurationName = Release;
		};
		77B29EE21DB5C15A00914AF0 /* Build configuration list for PBXNativeTarget "Tip Calculator by AlexS" */ = {
			isa = XCConfigurationList;
			buildConfigurations = (
				77B29EE31DB5C15A00914AF0 /* Debug */,
				77B29EE41DB5C15A00914AF0 /* Release */,
			);
			defaultConfigurationIsVisible = 0;
		};
		77B29EE51DB5C15A00914AF0 /* Build configuration list for PBXNativeTarget "Tip Calculator by AlexSTests" */ = {
			isa = XCConfigurationList;
			buildConfigurations = (
				77B29EE61DB5C15A00914AF0 /* Debug */,
				77B29EE71DB5C15A00914AF0 /* Release */,
			);
			defaultConfigurationIsVisible = 0;
		};
		77B29EE81DB5C15A00914AF0 /* Build configuration list for PBXNativeTarget "Tip Calculator by AlexSUITests" */ = {
			isa = XCConfigurationList;
			buildConfigurations = (
				77B29EE91DB5C15A00914AF0 /* Debug */,
				77B29EEA1DB5C15A00914AF0 /* Release */,
			);
			defaultConfigurationIsVisible = 0;
		};
/* End XCConfigurationList section */
	};
	rootObject = 77B29EB21DB5C15A00914AF0 /* Project object */;
}
